
Microsoft Visual Studio Solution File, Format Version 12.00
# Visual Studio Version 17
VisualStudioVersion = 17.9.34701.34
MinimumVisualStudioVersion = 10.0.40219.1
Project("{2150E333-8FDC-42A3-9474-1A3956D46DE8}") = "Src", "Src", "{29D42946-7C98-4888-A172-1FFC9D9B1CCE}"
EndProject
Project("{2150E333-8FDC-42A3-9474-1A3956D46DE8}") = "Solution Items", "Solution Items", "{DB34AE17-5396-47BF-A6E1-36EE3DA1FE4D}"
	ProjectSection(SolutionItems) = preProject
		ServicURL.txt = ServicURL.txt
	EndProjectSection
EndProject
Project("{2150E333-8FDC-42A3-9474-1A3956D46DE8}") = "ApiGateways", "ApiGateways", "{47E6547A-9491-4571-A079-B27D49BE4ECA}"
EndProject
Project("{2150E333-8FDC-42A3-9474-1A3956D46DE8}") = "BuildingBlocks", "BuildingBlocks", "{48E22C60-B14D-4817-8740-D83A599C8175}"
EndProject
Project("{2150E333-8FDC-42A3-9474-1A3956D46DE8}") = "Services", "Services", "{DAD1FBE9-51F2-48CB-94F3-F1A2C2AE4847}"
EndProject
Project("{2150E333-8FDC-42A3-9474-1A3956D46DE8}") = "Clients", "Clients", "{56031221-7538-497A-A735-41679DF64927}"
EndProject
Project("{2150E333-8FDC-42A3-9474-1A3956D46DE8}") = "WebApiGateway", "WebApiGateway", "{F19B996C-CB5C-4119-94F6-ED4E94060F96}"
EndProject
Project("{FAE04EC0-301F-11D3-BF4B-00C04F79EFBC}") = "Web.ApiGateway", "Web.ApiGateway\Web.ApiGateway.csproj", "{9BC4C547-7DBD-438D-8DCC-E87D3E96345D}"
EndProject
Project("{2150E333-8FDC-42A3-9474-1A3956D46DE8}") = "EventBus", "EventBus", "{65978DE1-E2B7-44AE-9A06-5E5136A65CC7}"
EndProject
Project("{FAE04EC0-301F-11D3-BF4B-00C04F79EFBC}") = "EventBus.Base", "EventBus.Base\EventBus.Base.csproj", "{6DE8CF12-B2FE-4B96-8510-CA4F002AF70D}"
EndProject
Project("{FAE04EC0-301F-11D3-BF4B-00C04F79EFBC}") = "EventBus.Factory", "EventBus.Factory\EventBus.Factory.csproj", "{EE830C48-6493-45C7-BC61-FDD898686AE6}"
EndProject
Project("{FAE04EC0-301F-11D3-BF4B-00C04F79EFBC}") = "EventBus.AzureServiceBus", "EventBus.AzureServiceBus\EventBus.AzureServiceBus.csproj", "{36C04631-8415-4455-91E7-5C181D397661}"
EndProject
Project("{FAE04EC0-301F-11D3-BF4B-00C04F79EFBC}") = "EventBus.RabbitMQ", "EventBus.RabbitMQ\EventBus.RabbitMQ.csproj", "{14BEAB5D-435C-4631-A417-E2E90D068BF6}"
EndProject
Project("{2150E333-8FDC-42A3-9474-1A3956D46DE8}") = "BlazorWebApp", "BlazorWebApp", "{CC205848-4816-40F2-96BA-BBB1849A1EF2}"
EndProject
Project("{FAE04EC0-301F-11D3-BF4B-00C04F79EFBC}") = "WebApp", "WebApp\WebApp.csproj", "{6A5840F6-0251-456E-AD18-53DF0D2CD058}"
EndProject
Project("{2150E333-8FDC-42A3-9474-1A3956D46DE8}") = "BasketService", "BasketService", "{FD6F8D53-F93F-42BF-BBA4-9F038A586CF7}"
EndProject
Project("{2150E333-8FDC-42A3-9474-1A3956D46DE8}") = "OrderService", "OrderService", "{CD26828C-5C22-4283-9085-E93A9CE36E8F}"
EndProject
Project("{2150E333-8FDC-42A3-9474-1A3956D46DE8}") = "PaymentService", "PaymentService", "{D9D15DF6-AA3B-4ABA-A354-88DA15A3E2F7}"
EndProject
Project("{FAE04EC0-301F-11D3-BF4B-00C04F79EFBC}") = "BasketService.Api", "BasketService.Api\BasketService.Api.csproj", "{40EDCCDA-283D-4A21-96B6-AAEE55EA5B32}"
EndProject
Project("{2150E333-8FDC-42A3-9474-1A3956D46DE8}") = "CatalogService", "CatalogService", "{17E86D1A-41D2-4352-B31B-23B1F154AC29}"
EndProject
Project("{FAE04EC0-301F-11D3-BF4B-00C04F79EFBC}") = "CatalogService.Api", "CatalogService.Api\CatalogService.Api.csproj", "{A5E3DC6C-A52D-4F20-B04F-529D86E8E427}"
EndProject
Project("{2150E333-8FDC-42A3-9474-1A3956D46DE8}") = "IdentityService", "IdentityService", "{6A43D6E3-82F3-4D36-830B-756A0DE1294C}"
EndProject
Project("{FAE04EC0-301F-11D3-BF4B-00C04F79EFBC}") = "IdentityService.Api", "IdentityService.Api\IdentityService.Api.csproj", "{F02834FF-5C24-4E2F-B6E3-729B34BC3AF1}"
EndProject
Project("{FAE04EC0-301F-11D3-BF4B-00C04F79EFBC}") = "PaymentService.Api", "PaymentService.Api\PaymentService.Api.csproj", "{C72FD652-EF66-43ED-9795-FD7D5EDFC6A6}"
EndProject
Project("{2150E333-8FDC-42A3-9474-1A3956D46DE8}") = "NotificationService", "NotificationService", "{C79378BF-76C2-4FD4-8A26-695689195640}"
EndProject
Project("{FAE04EC0-301F-11D3-BF4B-00C04F79EFBC}") = "NotificationService", "NotificationService\NotificationService.csproj", "{3091B525-DFAF-41F2-ABF3-222A927DF91A}"
EndProject
Project("{FAE04EC0-301F-11D3-BF4B-00C04F79EFBC}") = "OrderService.Domain", "OrderService.Domain\OrderService.Domain.csproj", "{84994BB5-4C71-4EE9-A4FB-377505ABB95A}"
EndProject
Project("{FAE04EC0-301F-11D3-BF4B-00C04F79EFBC}") = "OrderService.Application", "OrderService.Application\OrderService.Application.csproj", "{C57A5356-F623-4989-9C7C-EF7D5EAFFEC3}"
EndProject
Project("{FAE04EC0-301F-11D3-BF4B-00C04F79EFBC}") = "OrderService.Infasturcture", "OrderService.Infasturcture\OrderService.Infasturcture.csproj", "{6539C28F-181A-4836-A8A3-85D6A31867AF}"
EndProject
Project("{FAE04EC0-301F-11D3-BF4B-00C04F79EFBC}") = "OrderService.Api", "OrderService.Api\OrderService.Api.csproj", "{727A3265-0DE2-47A4-966F-115350C777A0}"
EndProject
Global
	GlobalSection(SolutionConfigurationPlatforms) = preSolution
		Debug|Any CPU = Debug|Any CPU
		Release|Any CPU = Release|Any CPU
	EndGlobalSection
	GlobalSection(ProjectConfigurationPlatforms) = postSolution
		{9BC4C547-7DBD-438D-8DCC-E87D3E96345D}.Debug|Any CPU.ActiveCfg = Debug|Any CPU
		{9BC4C547-7DBD-438D-8DCC-E87D3E96345D}.Debug|Any CPU.Build.0 = Debug|Any CPU
		{9BC4C547-7DBD-438D-8DCC-E87D3E96345D}.Release|Any CPU.ActiveCfg = Release|Any CPU
		{9BC4C547-7DBD-438D-8DCC-E87D3E96345D}.Release|Any CPU.Build.0 = Release|Any CPU
		{6DE8CF12-B2FE-4B96-8510-CA4F002AF70D}.Debug|Any CPU.ActiveCfg = Debug|Any CPU
		{6DE8CF12-B2FE-4B96-8510-CA4F002AF70D}.Debug|Any CPU.Build.0 = Debug|Any CPU
		{6DE8CF12-B2FE-4B96-8510-CA4F002AF70D}.Release|Any CPU.ActiveCfg = Release|Any CPU
		{6DE8CF12-B2FE-4B96-8510-CA4F002AF70D}.Release|Any CPU.Build.0 = Release|Any CPU
		{EE830C48-6493-45C7-BC61-FDD898686AE6}.Debug|Any CPU.ActiveCfg = Debug|Any CPU
		{EE830C48-6493-45C7-BC61-FDD898686AE6}.Debug|Any CPU.Build.0 = Debug|Any CPU
		{EE830C48-6493-45C7-BC61-FDD898686AE6}.Release|Any CPU.ActiveCfg = Release|Any CPU
		{EE830C48-6493-45C7-BC61-FDD898686AE6}.Release|Any CPU.Build.0 = Release|Any CPU
		{36C04631-8415-4455-91E7-5C181D397661}.Debug|Any CPU.ActiveCfg = Debug|Any CPU
		{36C04631-8415-4455-91E7-5C181D397661}.Debug|Any CPU.Build.0 = Debug|Any CPU
		{36C04631-8415-4455-91E7-5C181D397661}.Release|Any CPU.ActiveCfg = Release|Any CPU
		{36C04631-8415-4455-91E7-5C181D397661}.Release|Any CPU.Build.0 = Release|Any CPU
		{14BEAB5D-435C-4631-A417-E2E90D068BF6}.Debug|Any CPU.ActiveCfg = Debug|Any CPU
		{14BEAB5D-435C-4631-A417-E2E90D068BF6}.Debug|Any CPU.Build.0 = Debug|Any CPU
		{14BEAB5D-435C-4631-A417-E2E90D068BF6}.Release|Any CPU.ActiveCfg = Release|Any CPU
		{14BEAB5D-435C-4631-A417-E2E90D068BF6}.Release|Any CPU.Build.0 = Release|Any CPU
		{6A5840F6-0251-456E-AD18-53DF0D2CD058}.Debug|Any CPU.ActiveCfg = Debug|Any CPU
		{6A5840F6-0251-456E-AD18-53DF0D2CD058}.Debug|Any CPU.Build.0 = Debug|Any CPU
		{6A5840F6-0251-456E-AD18-53DF0D2CD058}.Release|Any CPU.ActiveCfg = Release|Any CPU
		{6A5840F6-0251-456E-AD18-53DF0D2CD058}.Release|Any CPU.Build.0 = Release|Any CPU
		{40EDCCDA-283D-4A21-96B6-AAEE55EA5B32}.Debug|Any CPU.ActiveCfg = Debug|Any CPU
		{40EDCCDA-283D-4A21-96B6-AAEE55EA5B32}.Debug|Any CPU.Build.0 = Debug|Any CPU
		{40EDCCDA-283D-4A21-96B6-AAEE55EA5B32}.Release|Any CPU.ActiveCfg = Release|Any CPU
		{40EDCCDA-283D-4A21-96B6-AAEE55EA5B32}.Release|Any CPU.Build.0 = Release|Any CPU
		{A5E3DC6C-A52D-4F20-B04F-529D86E8E427}.Debug|Any CPU.ActiveCfg = Debug|Any CPU
		{A5E3DC6C-A52D-4F20-B04F-529D86E8E427}.Debug|Any CPU.Build.0 = Debug|Any CPU
		{A5E3DC6C-A52D-4F20-B04F-529D86E8E427}.Release|Any CPU.ActiveCfg = Release|Any CPU
		{A5E3DC6C-A52D-4F20-B04F-529D86E8E427}.Release|Any CPU.Build.0 = Release|Any CPU
		{F02834FF-5C24-4E2F-B6E3-729B34BC3AF1}.Debug|Any CPU.ActiveCfg = Debug|Any CPU
		{F02834FF-5C24-4E2F-B6E3-729B34BC3AF1}.Debug|Any CPU.Build.0 = Debug|Any CPU
		{F02834FF-5C24-4E2F-B6E3-729B34BC3AF1}.Release|Any CPU.ActiveCfg = Release|Any CPU
		{F02834FF-5C24-4E2F-B6E3-729B34BC3AF1}.Release|Any CPU.Build.0 = Release|Any CPU
		{C72FD652-EF66-43ED-9795-FD7D5EDFC6A6}.Debug|Any CPU.ActiveCfg = Debug|Any CPU
		{C72FD652-EF66-43ED-9795-FD7D5EDFC6A6}.Debug|Any CPU.Build.0 = Debug|Any CPU
		{C72FD652-EF66-43ED-9795-FD7D5EDFC6A6}.Release|Any CPU.ActiveCfg = Release|Any CPU
		{C72FD652-EF66-43ED-9795-FD7D5EDFC6A6}.Release|Any CPU.Build.0 = Release|Any CPU
		{3091B525-DFAF-41F2-ABF3-222A927DF91A}.Debug|Any CPU.ActiveCfg = Debug|Any CPU
		{3091B525-DFAF-41F2-ABF3-222A927DF91A}.Debug|Any CPU.Build.0 = Debug|Any CPU
		{3091B525-DFAF-41F2-ABF3-222A927DF91A}.Release|Any CPU.ActiveCfg = Release|Any CPU
		{3091B525-DFAF-41F2-ABF3-222A927DF91A}.Release|Any CPU.Build.0 = Release|Any CPU
		{84994BB5-4C71-4EE9-A4FB-377505ABB95A}.Debug|Any CPU.ActiveCfg = Debug|Any CPU
		{84994BB5-4C71-4EE9-A4FB-377505ABB95A}.Debug|Any CPU.Build.0 = Debug|Any CPU
		{84994BB5-4C71-4EE9-A4FB-377505ABB95A}.Release|Any CPU.ActiveCfg = Release|Any CPU
		{84994BB5-4C71-4EE9-A4FB-377505ABB95A}.Release|Any CPU.Build.0 = Release|Any CPU
		{C57A5356-F623-4989-9C7C-EF7D5EAFFEC3}.Debug|Any CPU.ActiveCfg = Debug|Any CPU
		{C57A5356-F623-4989-9C7C-EF7D5EAFFEC3}.Debug|Any CPU.Build.0 = Debug|Any CPU
		{C57A5356-F623-4989-9C7C-EF7D5EAFFEC3}.Release|Any CPU.ActiveCfg = Release|Any CPU
		{C57A5356-F623-4989-9C7C-EF7D5EAFFEC3}.Release|Any CPU.Build.0 = Release|Any CPU
		{6539C28F-181A-4836-A8A3-85D6A31867AF}.Debug|Any CPU.ActiveCfg = Debug|Any CPU
		{6539C28F-181A-4836-A8A3-85D6A31867AF}.Debug|Any CPU.Build.0 = Debug|Any CPU
		{6539C28F-181A-4836-A8A3-85D6A31867AF}.Release|Any CPU.ActiveCfg = Release|Any CPU
		{6539C28F-181A-4836-A8A3-85D6A31867AF}.Release|Any CPU.Build.0 = Release|Any CPU
		{727A3265-0DE2-47A4-966F-115350C777A0}.Debug|Any CPU.ActiveCfg = Debug|Any CPU
		{727A3265-0DE2-47A4-966F-115350C777A0}.Debug|Any CPU.Build.0 = Debug|Any CPU
		{727A3265-0DE2-47A4-966F-115350C777A0}.Release|Any CPU.ActiveCfg = Release|Any CPU
		{727A3265-0DE2-47A4-966F-115350C777A0}.Release|Any CPU.Build.0 = Release|Any CPU
	EndGlobalSection
	GlobalSection(SolutionProperties) = preSolution
		HideSolutionNode = FALSE
	EndGlobalSection
	GlobalSection(NestedProjects) = preSolution
		{47E6547A-9491-4571-A079-B27D49BE4ECA} = {29D42946-7C98-4888-A172-1FFC9D9B1CCE}
		{48E22C60-B14D-4817-8740-D83A599C8175} = {29D42946-7C98-4888-A172-1FFC9D9B1CCE}
		{DAD1FBE9-51F2-48CB-94F3-F1A2C2AE4847} = {29D42946-7C98-4888-A172-1FFC9D9B1CCE}
		{56031221-7538-497A-A735-41679DF64927} = {29D42946-7C98-4888-A172-1FFC9D9B1CCE}
		{F19B996C-CB5C-4119-94F6-ED4E94060F96} = {47E6547A-9491-4571-A079-B27D49BE4ECA}
		{9BC4C547-7DBD-438D-8DCC-E87D3E96345D} = {F19B996C-CB5C-4119-94F6-ED4E94060F96}
		{65978DE1-E2B7-44AE-9A06-5E5136A65CC7} = {48E22C60-B14D-4817-8740-D83A599C8175}
		{6DE8CF12-B2FE-4B96-8510-CA4F002AF70D} = {65978DE1-E2B7-44AE-9A06-5E5136A65CC7}
		{EE830C48-6493-45C7-BC61-FDD898686AE6} = {65978DE1-E2B7-44AE-9A06-5E5136A65CC7}
		{36C04631-8415-4455-91E7-5C181D397661} = {65978DE1-E2B7-44AE-9A06-5E5136A65CC7}
		{14BEAB5D-435C-4631-A417-E2E90D068BF6} = {65978DE1-E2B7-44AE-9A06-5E5136A65CC7}
		{CC205848-4816-40F2-96BA-BBB1849A1EF2} = {56031221-7538-497A-A735-41679DF64927}
		{6A5840F6-0251-456E-AD18-53DF0D2CD058} = {CC205848-4816-40F2-96BA-BBB1849A1EF2}
		{FD6F8D53-F93F-42BF-BBA4-9F038A586CF7} = {DAD1FBE9-51F2-48CB-94F3-F1A2C2AE4847}
		{CD26828C-5C22-4283-9085-E93A9CE36E8F} = {DAD1FBE9-51F2-48CB-94F3-F1A2C2AE4847}
		{D9D15DF6-AA3B-4ABA-A354-88DA15A3E2F7} = {DAD1FBE9-51F2-48CB-94F3-F1A2C2AE4847}
		{40EDCCDA-283D-4A21-96B6-AAEE55EA5B32} = {FD6F8D53-F93F-42BF-BBA4-9F038A586CF7}
		{17E86D1A-41D2-4352-B31B-23B1F154AC29} = {DAD1FBE9-51F2-48CB-94F3-F1A2C2AE4847}
		{A5E3DC6C-A52D-4F20-B04F-529D86E8E427} = {17E86D1A-41D2-4352-B31B-23B1F154AC29}
		{6A43D6E3-82F3-4D36-830B-756A0DE1294C} = {DAD1FBE9-51F2-48CB-94F3-F1A2C2AE4847}
		{F02834FF-5C24-4E2F-B6E3-729B34BC3AF1} = {6A43D6E3-82F3-4D36-830B-756A0DE1294C}
		{C72FD652-EF66-43ED-9795-FD7D5EDFC6A6} = {D9D15DF6-AA3B-4ABA-A354-88DA15A3E2F7}
		{C79378BF-76C2-4FD4-8A26-695689195640} = {DAD1FBE9-51F2-48CB-94F3-F1A2C2AE4847}
		{3091B525-DFAF-41F2-ABF3-222A927DF91A} = {C79378BF-76C2-4FD4-8A26-695689195640}
		{84994BB5-4C71-4EE9-A4FB-377505ABB95A} = {CD26828C-5C22-4283-9085-E93A9CE36E8F}
		{C57A5356-F623-4989-9C7C-EF7D5EAFFEC3} = {CD26828C-5C22-4283-9085-E93A9CE36E8F}
		{6539C28F-181A-4836-A8A3-85D6A31867AF} = {CD26828C-5C22-4283-9085-E93A9CE36E8F}
		{727A3265-0DE2-47A4-966F-115350C777A0} = {CD26828C-5C22-4283-9085-E93A9CE36E8F}
	EndGlobalSection
	GlobalSection(ExtensibilityGlobals) = postSolution
		SolutionGuid = {9681D366-681D-49F8-8C17-656A6D99DB77}
	EndGlobalSection
EndGlobal
